// !$*UTF8*$!
{
	archiveVersion = 1;
	classes = {
	};
	objectVersion = 46;
	objects = {

/* Begin PBXBuildFile section */
		8232FD681EBC3B43005FE01A /* AppEnums.swift in Sources */ = {isa = PBXBuildFile; fileRef = 8232FD671EBC3B43005FE01A /* AppEnums.swift */; };
		8232FD6B1EBC4332005FE01A /* PickerTableViewController.swift in Sources */ = {isa = PBXBuildFile; fileRef = 8232FD6A1EBC4332005FE01A /* PickerTableViewController.swift */; };
		8232FD6E1EBC4373005FE01A /* SampleHeaderTableViewCell.swift in Sources */ = {isa = PBXBuildFile; fileRef = 8232FD6D1EBC4373005FE01A /* SampleHeaderTableViewCell.swift */; };
		8232FD701EBC437A005FE01A /* RadioTableViewCell.swift in Sources */ = {isa = PBXBuildFile; fileRef = 8232FD6F1EBC437A005FE01A /* RadioTableViewCell.swift */; };
		82DFAF8D1EBAEC1B006FFD32 /* AppDelegate.swift in Sources */ = {isa = PBXBuildFile; fileRef = 82DFAF8C1EBAEC1B006FFD32 /* AppDelegate.swift */; };
		82DFAF921EBAEC1B006FFD32 /* Main.storyboard in Resources */ = {isa = PBXBuildFile; fileRef = 82DFAF901EBAEC1B006FFD32 /* Main.storyboard */; };
		82DFAF951EBAEC1B006FFD32 /* EmployeeManagement.xcdatamodeld in Sources */ = {isa = PBXBuildFile; fileRef = 82DFAF931EBAEC1B006FFD32 /* EmployeeManagement.xcdatamodeld */; };
		82DFAF971EBAEC1B006FFD32 /* Assets.xcassets in Resources */ = {isa = PBXBuildFile; fileRef = 82DFAF961EBAEC1B006FFD32 /* Assets.xcassets */; };
		82DFAF9A1EBAEC1B006FFD32 /* LaunchScreen.storyboard in Resources */ = {isa = PBXBuildFile; fileRef = 82DFAF981EBAEC1B006FFD32 /* LaunchScreen.storyboard */; };
		82DFAFA51EBAEDAF006FFD32 /* EmployeeListController.swift in Sources */ = {isa = PBXBuildFile; fileRef = 82DFAFA41EBAEDAF006FFD32 /* EmployeeListController.swift */; };
		82DFAFA71EBAEDBD006FFD32 /* EmployeeDetailController.swift in Sources */ = {isa = PBXBuildFile; fileRef = 82DFAFA61EBAEDBD006FFD32 /* EmployeeDetailController.swift */; };
		82DFAFA91EBAEDF1006FFD32 /* EmployeeCreationController.swift in Sources */ = {isa = PBXBuildFile; fileRef = 82DFAFA81EBAEDF1006FFD32 /* EmployeeCreationController.swift */; };
		82DFAFAB1EBAEE68006FFD32 /* UIAppViewController.swift in Sources */ = {isa = PBXBuildFile; fileRef = 82DFAFAA1EBAEE68006FFD32 /* UIAppViewController.swift */; };
		82DFAFAF1EBB0C6A006FFD32 /* EmployeeListTableCell.swift in Sources */ = {isa = PBXBuildFile; fileRef = 82DFAFAE1EBB0C6A006FFD32 /* EmployeeListTableCell.swift */; };
		82DFAFB11EBB1679006FFD32 /* EmployeeCreationProfileTableCell.swift in Sources */ = {isa = PBXBuildFile; fileRef = 82DFAFB01EBB1679006FFD32 /* EmployeeCreationProfileTableCell.swift */; };
		82DFAFB41EBB2553006FFD32 /* EmployeeCreationTextFieldTableCell.swift in Sources */ = {isa = PBXBuildFile; fileRef = 82DFAFB31EBB2553006FFD32 /* EmployeeCreationTextFieldTableCell.swift */; };
		82DFAFB61EBB2569006FFD32 /* EmployeeCreationTextViewTableCell.swift in Sources */ = {isa = PBXBuildFile; fileRef = 82DFAFB51EBB2569006FFD32 /* EmployeeCreationTextViewTableCell.swift */; };
		82DFAFB81EBB2586006FFD32 /* EmployeeCreationOptionsTableCell.swift in Sources */ = {isa = PBXBuildFile; fileRef = 82DFAFB71EBB2586006FFD32 /* EmployeeCreationOptionsTableCell.swift */; };
		82DFAFBA1EBB3693006FFD32 /* AppExtensions.swift in Sources */ = {isa = PBXBuildFile; fileRef = 82DFAFB91EBB3693006FFD32 /* AppExtensions.swift */; };
		82DFAFC51EBB5747006FFD32 /* PickerViewController.swift in Sources */ = {isa = PBXBuildFile; fileRef = 82DFAFC41EBB5747006FFD32 /* PickerViewController.swift */; };
		82DFAFC71EBB61D1006FFD32 /* DatePickerViewController.swift in Sources */ = {isa = PBXBuildFile; fileRef = 82DFAFC61EBB61D1006FFD32 /* DatePickerViewController.swift */; };
/* End PBXBuildFile section */

/* Begin PBXFileReference section */
		8232FD671EBC3B43005FE01A /* AppEnums.swift */ = {isa = PBXFileReference; fileEncoding = 4; lastKnownFileType = sourcecode.swift; path = AppEnums.swift; sourceTree = "<group>"; };
		8232FD6A1EBC4332005FE01A /* PickerTableViewController.swift */ = {isa = PBXFileReference; fileEncoding = 4; lastKnownFileType = sourcecode.swift; path = PickerTableViewController.swift; sourceTree = "<group>"; };
		8232FD6D1EBC4373005FE01A /* SampleHeaderTableViewCell.swift */ = {isa = PBXFileReference; fileEncoding = 4; lastKnownFileType = sourcecode.swift; path = SampleHeaderTableViewCell.swift; sourceTree = "<group>"; };
		8232FD6F1EBC437A005FE01A /* RadioTableViewCell.swift */ = {isa = PBXFileReference; fileEncoding = 4; lastKnownFileType = sourcecode.swift; path = RadioTableViewCell.swift; sourceTree = "<group>"; };
		82DFAF891EBAEC1B006FFD32 /* EmployeeManagement.app */ = {isa = PBXFileReference; explicitFileType = wrapper.application; includeInIndex = 0; path = EmployeeManagement.app; sourceTree = BUILT_PRODUCTS_DIR; };
		82DFAF8C1EBAEC1B006FFD32 /* AppDelegate.swift */ = {isa = PBXFileReference; lastKnownFileType = sourcecode.swift; path = AppDelegate.swift; sourceTree = "<group>"; };
		82DFAF911EBAEC1B006FFD32 /* Base */ = {isa = PBXFileReference; lastKnownFileType = file.storyboard; name = Base; path = Base.lproj/Main.storyboard; sourceTree = "<group>"; };
		82DFAF941EBAEC1B006FFD32 /* EmployeeManagement.xcdatamodel */ = {isa = PBXFileReference; lastKnownFileType = wrapper.xcdatamodel; path = EmployeeManagement.xcdatamodel; sourceTree = "<group>"; };
		82DFAF961EBAEC1B006FFD32 /* Assets.xcassets */ = {isa = PBXFileReference; lastKnownFileType = folder.assetcatalog; path = Assets.xcassets; sourceTree = "<group>"; };
		82DFAF991EBAEC1B006FFD32 /* Base */ = {isa = PBXFileReference; lastKnownFileType = file.storyboard; name = Base; path = Base.lproj/LaunchScreen.storyboard; sourceTree = "<group>"; };
		82DFAF9B1EBAEC1B006FFD32 /* Info.plist */ = {isa = PBXFileReference; lastKnownFileType = text.plist.xml; path = Info.plist; sourceTree = "<group>"; };
		82DFAFA41EBAEDAF006FFD32 /* EmployeeListController.swift */ = {isa = PBXFileReference; fileEncoding = 4; lastKnownFileType = sourcecode.swift; path = EmployeeListController.swift; sourceTree = "<group>"; };
		82DFAFA61EBAEDBD006FFD32 /* EmployeeDetailController.swift */ = {isa = PBXFileReference; fileEncoding = 4; lastKnownFileType = sourcecode.swift; path = EmployeeDetailController.swift; sourceTree = "<group>"; };
		82DFAFA81EBAEDF1006FFD32 /* EmployeeCreationController.swift */ = {isa = PBXFileReference; fileEncoding = 4; lastKnownFileType = sourcecode.swift; path = EmployeeCreationController.swift; sourceTree = "<group>"; };
		82DFAFAA1EBAEE68006FFD32 /* UIAppViewController.swift */ = {isa = PBXFileReference; fileEncoding = 4; lastKnownFileType = sourcecode.swift; path = UIAppViewController.swift; sourceTree = "<group>"; };
		82DFAFAE1EBB0C6A006FFD32 /* EmployeeListTableCell.swift */ = {isa = PBXFileReference; fileEncoding = 4; lastKnownFileType = sourcecode.swift; path = EmployeeListTableCell.swift; sourceTree = "<group>"; };
		82DFAFB01EBB1679006FFD32 /* EmployeeCreationProfileTableCell.swift */ = {isa = PBXFileReference; fileEncoding = 4; lastKnownFileType = sourcecode.swift; path = EmployeeCreationProfileTableCell.swift; sourceTree = "<group>"; };
		82DFAFB31EBB2553006FFD32 /* EmployeeCreationTextFieldTableCell.swift */ = {isa = PBXFileReference; fileEncoding = 4; lastKnownFileType = sourcecode.swift; path = EmployeeCreationTextFieldTableCell.swift; sourceTree = "<group>"; };
		82DFAFB51EBB2569006FFD32 /* EmployeeCreationTextViewTableCell.swift */ = {isa = PBXFileReference; fileEncoding = 4; lastKnownFileType = sourcecode.swift; path = EmployeeCreationTextViewTableCell.swift; sourceTree = "<group>"; };
		82DFAFB71EBB2586006FFD32 /* EmployeeCreationOptionsTableCell.swift */ = {isa = PBXFileReference; fileEncoding = 4; lastKnownFileType = sourcecode.swift; path = EmployeeCreationOptionsTableCell.swift; sourceTree = "<group>"; };
		82DFAFB91EBB3693006FFD32 /* AppExtensions.swift */ = {isa = PBXFileReference; fileEncoding = 4; lastKnownFileType = sourcecode.swift; path = AppExtensions.swift; sourceTree = "<group>"; };
		82DFAFC41EBB5747006FFD32 /* PickerViewController.swift */ = {isa = PBXFileReference; fileEncoding = 4; lastKnownFileType = sourcecode.swift; path = PickerViewController.swift; sourceTree = "<group>"; };
		82DFAFC61EBB61D1006FFD32 /* DatePickerViewController.swift */ = {isa = PBXFileReference; fileEncoding = 4; lastKnownFileType = sourcecode.swift; path = DatePickerViewController.swift; sourceTree = "<group>"; };
/* End PBXFileReference section */

/* Begin PBXFrameworksBuildPhase section */
		82DFAF861EBAEC1A006FFD32 /* Frameworks */ = {
			isa = PBXFrameworksBuildPhase;
			buildActionMask = 2147483647;
			files = (
			);
			runOnlyForDeploymentPostprocessing = 0;
		};
/* End PBXFrameworksBuildPhase section */

/* Begin PBXGroup section */
		8232FD691EBC430B005FE01A /* ModelTablePicker */ = {
			isa = PBXGroup;
			children = (
				8232FD6A1EBC4332005FE01A /* PickerTableViewController.swift */,
			);
			name = ModelTablePicker;
			sourceTree = "<group>";
		};
		8232FD6C1EBC435C005FE01A /* ModelTablePicker */ = {
			isa = PBXGroup;
			children = (
				8232FD6F1EBC437A005FE01A /* RadioTableViewCell.swift */,
				8232FD6D1EBC4373005FE01A /* SampleHeaderTableViewCell.swift */,
			);
			name = ModelTablePicker;
			sourceTree = "<group>";
		};
		82DFAF801EBAEC1A006FFD32 = {
			isa = PBXGroup;
			children = (
				82DFAF8B1EBAEC1B006FFD32 /* EmployeeManagement */,
				82DFAF8A1EBAEC1B006FFD32 /* Products */,
			);
			sourceTree = "<group>";
		};
		82DFAF8A1EBAEC1B006FFD32 /* Products */ = {
			isa = PBXGroup;
			children = (
				82DFAF891EBAEC1B006FFD32 /* EmployeeManagement.app */,
			);
			name = Products;
			sourceTree = "<group>";
		};
		82DFAF8B1EBAEC1B006FFD32 /* EmployeeManagement */ = {
			isa = PBXGroup;
			children = (
				82DFAF8C1EBAEC1B006FFD32 /* AppDelegate.swift */,
				82DFAFAA1EBAEE68006FFD32 /* UIAppViewController.swift */,
				82DFAFAC1EBAEEED006FFD32 /* Helper */,
				82DFAFA21EBAEC34006FFD32 /* CoreDataModel */,
				82DFAFA31EBAEC3C006FFD32 /* Controller */,
				82DFAFA11EBAEC28006FFD32 /* View */,
				82DFAF961EBAEC1B006FFD32 /* Assets.xcassets */,
				82DFAF9B1EBAEC1B006FFD32 /* Info.plist */,
			);
			path = EmployeeManagement;
			sourceTree = "<group>";
		};
		82DFAFA11EBAEC28006FFD32 /* View */ = {
			isa = PBXGroup;
			children = (
				82DFAFAD1EBB0C3A006FFD32 /* TableViewCell */,
				82DFAF901EBAEC1B006FFD32 /* Main.storyboard */,
				82DFAF981EBAEC1B006FFD32 /* LaunchScreen.storyboard */,
			);
			name = View;
			sourceTree = "<group>";
		};
		82DFAFA21EBAEC34006FFD32 /* CoreDataModel */ = {
			isa = PBXGroup;
			children = (
				82DFAF931EBAEC1B006FFD32 /* EmployeeManagement.xcdatamodeld */,
			);
			name = CoreDataModel;
			sourceTree = "<group>";
		};
		82DFAFA31EBAEC3C006FFD32 /* Controller */ = {
			isa = PBXGroup;
			children = (
				82DFAFA41EBAEDAF006FFD32 /* EmployeeListController.swift */,
				82DFAFA61EBAEDBD006FFD32 /* EmployeeDetailController.swift */,
				82DFAFA81EBAEDF1006FFD32 /* EmployeeCreationController.swift */,
			);
			name = Controller;
			sourceTree = "<group>";
		};
		82DFAFAC1EBAEEED006FFD32 /* Helper */ = {
			isa = PBXGroup;
			children = (
				8232FD671EBC3B43005FE01A /* AppEnums.swift */,
				82DFAFB91EBB3693006FFD32 /* AppExtensions.swift */,
				8232FD691EBC430B005FE01A /* ModelTablePicker */,
				82DFAFBC1EBB3CDB006FFD32 /* ModelUIPicker */,
			);
			name = Helper;
			sourceTree = "<group>";
		};
		82DFAFAD1EBB0C3A006FFD32 /* TableViewCell */ = {
			isa = PBXGroup;
			children = (
				82DFAFAE1EBB0C6A006FFD32 /* EmployeeListTableCell.swift */,
				8232FD6C1EBC435C005FE01A /* ModelTablePicker */,
				82DFAFB21EBB252A006FFD32 /* EmployeeCreation */,
			);
			name = TableViewCell;
			sourceTree = "<group>";
		};
		82DFAFB21EBB252A006FFD32 /* EmployeeCreation */ = {
			isa = PBXGroup;
			children = (
				82DFAFB01EBB1679006FFD32 /* EmployeeCreationProfileTableCell.swift */,
				82DFAFB31EBB2553006FFD32 /* EmployeeCreationTextFieldTableCell.swift */,
				82DFAFB51EBB2569006FFD32 /* EmployeeCreationTextViewTableCell.swift */,
				82DFAFB71EBB2586006FFD32 /* EmployeeCreationOptionsTableCell.swift */,
			);
			name = EmployeeCreation;
			sourceTree = "<group>";
		};
		82DFAFBC1EBB3CDB006FFD32 /* ModelUIPicker */ = {
			isa = PBXGroup;
			children = (
				82DFAFC41EBB5747006FFD32 /* PickerViewController.swift */,
				82DFAFC61EBB61D1006FFD32 /* DatePickerViewController.swift */,
			);
			name = ModelUIPicker;
			path = ../../SampleUIPickerCommon/SampleUIPickerCommon;
			sourceTree = "<group>";
		};
/* End PBXGroup section */

/* Begin PBXNativeTarget section */
		82DFAF881EBAEC1A006FFD32 /* EmployeeManagement */ = {
			isa = PBXNativeTarget;
			buildConfigurationList = 82DFAF9E1EBAEC1B006FFD32 /* Build configuration list for PBXNativeTarget "EmployeeManagement" */;
			buildPhases = (
				82DFAF851EBAEC1A006FFD32 /* Sources */,
				82DFAF861EBAEC1A006FFD32 /* Frameworks */,
				82DFAF871EBAEC1A006FFD32 /* Resources */,
			);
			buildRules = (
			);
			dependencies = (
			);
			name = EmployeeManagement;
			productName = EmployeeManagement;
			productReference = 82DFAF891EBAEC1B006FFD32 /* EmployeeManagement.app */;
			productType = "com.apple.product-type.application";
		};
/* End PBXNativeTarget section */

/* Begin PBXProject section */
		82DFAF811EBAEC1A006FFD32 /* Project object */ = {
			isa = PBXProject;
			attributes = {
				LastSwiftUpdateCheck = 0820;
				LastUpgradeCheck = 0820;
				ORGANIZATIONNAME = "Pushpam Group";
				TargetAttributes = {
					82DFAF881EBAEC1A006FFD32 = {
						CreatedOnToolsVersion = 8.2;
						ProvisioningStyle = Automatic;
					};
				};
			};
			buildConfigurationList = 82DFAF841EBAEC1A006FFD32 /* Build configuration list for PBXProject "EmployeeManagement" */;
			compatibilityVersion = "Xcode 3.2";
			developmentRegion = English;
			hasScannedForEncodings = 0;
			knownRegions = (
				en,
				Base,
			);
			mainGroup = 82DFAF801EBAEC1A006FFD32;
			productRefGroup = 82DFAF8A1EBAEC1B006FFD32 /* Products */;
			projectDirPath = "";
			projectRoot = "";
			targets = (
				82DFAF881EBAEC1A006FFD32 /* EmployeeManagement */,
			);
		};
/* End PBXProject section */

/* Begin PBXResourcesBuildPhase section */
		82DFAF871EBAEC1A006FFD32 /* Resources */ = {
			isa = PBXResourcesBuildPhase;
			buildActionMask = 2147483647;
			files = (
				82DFAF9A1EBAEC1B006FFD32 /* LaunchScreen.storyboard in Resources */,
				82DFAF971EBAEC1B006FFD32 /* Assets.xcassets in Resources */,
				82DFAF921EBAEC1B006FFD32 /* Main.storyboard in Resources */,
			);
			runOnlyForDeploymentPostprocessing = 0;
		};
/* End PBXResourcesBuildPhase section */

/* Begin PBXSourcesBuildPhase section */
		82DFAF851EBAEC1A006FFD32 /* Sources */ = {
			isa = PBXSourcesBuildPhase;
			buildActionMask = 2147483647;
			files = (
				82DFAFA91EBAEDF1006FFD32 /* EmployeeCreationController.swift in Sources */,
				8232FD681EBC3B43005FE01A /* AppEnums.swift in Sources */,
				82DFAFB61EBB2569006FFD32 /* EmployeeCreationTextViewTableCell.swift in Sources */,
				82DFAFC71EBB61D1006FFD32 /* DatePickerViewController.swift in Sources */,
				82DFAF8D1EBAEC1B006FFD32 /* AppDelegate.swift in Sources */,
				82DFAFC51EBB5747006FFD32 /* PickerViewController.swift in Sources */,
				82DFAFBA1EBB3693006FFD32 /* AppExtensions.swift in Sources */,
				82DFAFB41EBB2553006FFD32 /* EmployeeCreationTextFieldTableCell.swift in Sources */,
				82DFAFB81EBB2586006FFD32 /* EmployeeCreationOptionsTableCell.swift in Sources */,
				8232FD701EBC437A005FE01A /* RadioTableViewCell.swift in Sources */,
				82DFAFAB1EBAEE68006FFD32 /* UIAppViewController.swift in Sources */,
				82DFAF951EBAEC1B006FFD32 /* EmployeeManagement.xcdatamodeld in Sources */,
				8232FD6E1EBC4373005FE01A /* SampleHeaderTableViewCell.swift in Sources */,
				82DFAFAF1EBB0C6A006FFD32 /* EmployeeListTableCell.swift in Sources */,
				82DFAFA71EBAEDBD006FFD32 /* EmployeeDetailController.swift in Sources */,
				82DFAFA51EBAEDAF006FFD32 /* EmployeeListController.swift in Sources */,
				82DFAFB11EBB1679006FFD32 /* EmployeeCreationProfileTableCell.swift in Sources */,
				8232FD6B1EBC4332005FE01A /* PickerTableViewController.swift in Sources */,
			);
			runOnlyForDeploymentPostprocessing = 0;
		};
/* End PBXSourcesBuildPhase section */

/* Begin PBXVariantGroup section */
		82DFAF901EBAEC1B006FFD32 /* Main.storyboard */ = {
			isa = PBXVariantGroup;
			children = (
				82DFAF911EBAEC1B006FFD32 /* Base */,
			);
			name = Main.storyboard;
			sourceTree = "<group>";
		};
		82DFAF981EBAEC1B006FFD32 /* LaunchScreen.storyboard */ = {
			isa = PBXVariantGroup;
			children = (
				82DFAF991EBAEC1B006FFD32 /* Base */,
			);
			name = LaunchScreen.storyboard;
			sourceTree = "<group>";
		};
/* End PBXVariantGroup section */

/* Begin XCBuildConfiguration section */
		82DFAF9C1EBAEC1B006FFD32 /* Debug */ = {
			isa = XCBuildConfiguration;
			buildSettings = {
				ALWAYS_SEARCH_USER_PATHS = NO;
				CLANG_ANALYZER_NONNULL = YES;
				CLANG_CXX_LANGUAGE_STANDARD = "gnu++0x";
				CLANG_CXX_LIBRARY = "libc++";
				CLANG_ENABLE_MODULES = YES;
				CLANG_ENABLE_OBJC_ARC = YES;
				CLANG_WARN_BOOL_CONVERSION = YES;
				CLANG_WARN_CONSTANT_CONVERSION = YES;
				CLANG_WARN_DIRECT_OBJC_ISA_USAGE = YES_ERROR;
				CLANG_WARN_DOCUMENTATION_COMMENTS = YES;
				CLANG_WARN_EMPTY_BODY = YES;
				CLANG_WARN_ENUM_CONVERSION = YES;
				CLANG_WARN_INFINITE_RECURSION = YES;
				CLANG_WARN_INT_CONVERSION = YES;
				CLANG_WARN_OBJC_ROOT_CLASS = YES_ERROR;
				CLANG_WARN_SUSPICIOUS_MOVE = YES;
				CLANG_WARN_UNREACHABLE_CODE = YES;
				CLANG_WARN__DUPLICATE_METHOD_MATCH = YES;
				"CODE_SIGN_IDENTITY[sdk=iphoneos*]" = "iPhone Developer";
				COPY_PHASE_STRIP = NO;
				DEBUG_INFORMATION_FORMAT = dwarf;
				ENABLE_STRICT_OBJC_MSGSEND = YES;
				ENABLE_TESTABILITY = YES;
				GCC_C_LANGUAGE_STANDARD = gnu99;
				GCC_DYNAMIC_NO_PIC = NO;
				GCC_NO_COMMON_BLOCKS = YES;
				GCC_OPTIMIZATION_LEVEL = 0;
				GCC_PREPROCESSOR_DEFINITIONS = (
					"DEBUG=1",
					"$(inherited)",
				);
				GCC_WARN_64_TO_32_BIT_CONVERSION = YES;
				GCC_WARN_ABOUT_RETURN_TYPE = YES_ERROR;
				GCC_WARN_UNDECLARED_SELECTOR = YES;
				GCC_WARN_UNINITIALIZED_AUTOS = YES_AGGRESSIVE;
				GCC_WARN_UNUSED_FUNCTION = YES;
				GCC_WARN_UNUSED_VARIABLE = YES;
				IPHONEOS_DEPLOYMENT_TARGET = 10.2;
				MTL_ENABLE_DEBUG_INFO = YES;
				ONLY_ACTIVE_ARCH = YES;
				SDKROOT = iphoneos;
				SWIFT_ACTIVE_COMPILATION_CONDITIONS = DEBUG;
				SWIFT_OPTIMIZATION_LEVEL = "-Onone";
			};
			name = Debug;
		};
		82DFAF9D1EBAEC1B006FFD32 /* Release */ = {
			isa = XCBuildConfiguration;
			buildSettings = {
				ALWAYS_SEARCH_USER_PATHS = NO;
				CLANG_ANALYZER_NONNULL = YES;
				CLANG_CXX_LANGUAGE_STANDARD = "gnu++0x";
				CLANG_CXX_LIBRARY = "libc++";
				CLANG_ENABLE_MODULES = YES;
				CLANG_ENABLE_OBJC_ARC = YES;
				CLANG_WARN_BOOL_CONVERSION = YES;
				CLANG_WARN_CONSTANT_CONVERSION = YES;
				CLANG_WARN_DIRECT_OBJC_ISA_USAGE = YES_ERROR;
				CLANG_WARN_DOCUMENTATION_COMMENTS = YES;
				CLANG_WARN_EMPTY_BODY = YES;
				CLANG_WARN_ENUM_CONVERSION = YES;
				CLANG_WARN_INFINITE_RECURSION = YES;
				CLANG_WARN_INT_CONVERSION = YES;
				CLANG_WARN_OBJC_ROOT_CLASS = YES_ERROR;
				CLANG_WARN_SUSPICIOUS_MOVE = YES;
				CLANG_WARN_UNREACHABLE_CODE = YES;
				CLANG_WARN__DUPLICATE_METHOD_MATCH = YES;
				"CODE_SIGN_IDENTITY[sdk=iphoneos*]" = "iPhone Developer";
				COPY_PHASE_STRIP = NO;
				DEBUG_INFORMATION_FORMAT = "dwarf-with-dsym";
				ENABLE_NS_ASSERTIONS = NO;
				ENABLE_STRICT_OBJC_MSGSEND = YES;
				GCC_C_LANGUAGE_STANDARD = gnu99;
				GCC_NO_COMMON_BLOCKS = YES;
				GCC_WARN_64_TO_32_BIT_CONVERSION = YES;
				GCC_WARN_ABOUT_RETURN_TYPE = YES_ERROR;
				GCC_WARN_UNDECLARED_SELECTOR = YES;
				GCC_WARN_UNINITIALIZED_AUTOS = YES_AGGRESSIVE;
				GCC_WARN_UNUSED_FUNCTION = YES;
				GCC_WARN_UNUSED_VARIABLE = YES;
				IPHONEOS_DEPLOYMENT_TARGET = 10.2;
				MTL_ENABLE_DEBUG_INFO = NO;
				SDKROOT = iphoneos;
				SWIFT_OPTIMIZATION_LEVEL = "-Owholemodule";
				VALIDATE_PRODUCT = YES;
			};
			name = Release;
		};
		82DFAF9F1EBAEC1B006FFD32 /* Debug */ = {
			isa = XCBuildConfiguration;
			buildSettings = {
				ASSETCATALOG_COMPILER_APPICON_NAME = AppIcon;
				INFOPLIST_FILE = EmployeeManagement/Info.plist;
				LD_RUNPATH_SEARCH_PATHS = "$(inherited) @executable_path/Frameworks";
				PRODUCT_BUNDLE_IDENTIFIER = com.swift.Test.EmployeeManagement;
				PRODUCT_NAME = "$(TARGET_NAME)";
				SWIFT_VERSION = 3.0;
			};
			name = Debug;
		};
		82DFAFA01EBAEC1B006FFD32 /* Release */ = {
			isa = XCBuildConfiguration;
			buildSettings = {
				ASSETCATALOG_COMPILER_APPICON_NAME = AppIcon;
				INFOPLIST_FILE = EmployeeManagement/Info.plist;
				LD_RUNPATH_SEARCH_PATHS = "$(inherited) @executable_path/Frameworks";
				PRODUCT_BUNDLE_IDENTIFIER = com.swift.Test.EmployeeManagement;
				PRODUCT_NAME = "$(TARGET_NAME)";
				SWIFT_VERSION = 3.0;
			};
			name = Release;
		};
/* End XCBuildConfiguration section */

/* Begin XCConfigurationList section */
		82DFAF841EBAEC1A006FFD32 /* Build configuration list for PBXProject "EmployeeManagement" */ = {
			isa = XCConfigurationList;
			buildConfigurations = (
				82DFAF9C1EBAEC1B006FFD32 /* Debug */,
				82DFAF9D1EBAEC1B006FFD32 /* Release */,
			);
			defaultConfigurationIsVisible = 0;
			defaultConfigurationName = Release;
		};
		82DFAF9E1EBAEC1B006FFD32 /* Build configuration list for PBXNativeTarget "EmployeeManagement" */ = {
			isa = XCConfigurationList;
			buildConfigurations = (
				82DFAF9F1EBAEC1B006FFD32 /* Debug */,
				82DFAFA01EBAEC1B006FFD32 /* Release */,
			);
			defaultConfigurationIsVisible = 0;
			defaultConfigurationName = Release;
		};
/* End XCConfigurationList section */

/* Begin XCVersionGroup section */
		82DFAF931EBAEC1B006FFD32 /* EmployeeManagement.xcdatamodeld */ = {
			isa = XCVersionGroup;
			children = (
				82DFAF941EBAEC1B006FFD32 /* EmployeeManagement.xcdatamodel */,
			);
			currentVersion = 82DFAF941EBAEC1B006FFD32 /* EmployeeManagement.xcdatamodel */;
			path = EmployeeManagement.xcdatamodeld;
			sourceTree = "<group>";
			versionGroupType = wrapper.xcdatamodel;
		};
/* End XCVersionGroup section */
	};
	rootObject = 82DFAF811EBAEC1A006FFD32 /* Project object */;
}
